
Microsoft Visual Studio Solution File, Format Version 12.00
# Visual Studio Version 17
VisualStudioVersion = 17.4.33403.182
MinimumVisualStudioVersion = 10.0.40219.1
Project("{9A19103F-16F7-4668-BE54-9A1E7A4F7556}") = "LurkbotV5", "LurkbotV5\LurkbotV5.csproj", "{23EAC3AD-2AEC-4E65-B901-574F56F60B96}"
EndProject
Project("{9A19103F-16F7-4668-BE54-9A1E7A4F7556}") = "btelnyy.ConfigLoader.API", "..\..\btelnyy-ConfigLoader\btelnyy-ConfigLoader.API\btelnyy.ConfigLoader.API.csproj", "{D78A33C7-11C2-48BB-9415-AC2B9B315112}"
EndProject
Global
	GlobalSection(SolutionConfigurationPlatforms) = preSolution
		Debug|Any CPU = Debug|Any CPU
		Release|Any CPU = Release|Any CPU
	EndGlobalSection
	GlobalSection(ProjectConfigurationPlatforms) = postSolution
		{23EAC3AD-2AEC-4E65-B901-574F56F60B96}.Debug|Any CPU.ActiveCfg = Debug|Any CPU
		{23EAC3AD-2AEC-4E65-B901-574F56F60B96}.Debug|Any CPU.Build.0 = Debug|Any CPU
		{23EAC3AD-2AEC-4E65-B901-574F56F60B96}.Release|Any CPU.ActiveCfg = Release|Any CPU
		{23EAC3AD-2AEC-4E65-B901-574F56F60B96}.Release|Any CPU.Build.0 = Release|Any CPU
		{D78A33C7-11C2-48BB-9415-AC2B9B315112}.Debug|Any CPU.ActiveCfg = Debug|Any CPU
		{D78A33C7-11C2-48BB-9415-AC2B9B315112}.Debug|Any CPU.Build.0 = Debug|Any CPU
		{D78A33C7-11C2-48BB-9415-AC2B9B315112}.Release|Any CPU.ActiveCfg = Release|Any CPU
		{D78A33C7-11C2-48BB-9415-AC2B9B315112}.Release|Any CPU.Build.0 = Release|Any CPU
	EndGlobalSection
	GlobalSection(SolutionProperties) = preSolution
		HideSolutionNode = FALSE
	EndGlobalSection
	GlobalSection(ExtensibilityGlobals) = postSolution
		SolutionGuid = {C0ED63CA-0ED9-4A81-8FCF-D589A5948A6B}
	EndGlobalSection
EndGlobal
